// !$*UTF8*$!
{
	archiveVersion = 1;
	classes = {
	};
	objectVersion = 50;
	objects = {

/* Begin PBXBuildFile section */
		79021EED2440CBF6000EB69E /* GFItemInfoView.swift in Sources */ = {isa = PBXBuildFile; fileRef = 79021EEC2440CBF6000EB69E /* GFItemInfoView.swift */; };
		79021EEF2440D273000EB69E /* GFItemInfoVC.swift in Sources */ = {isa = PBXBuildFile; fileRef = 79021EEE2440D273000EB69E /* GFItemInfoVC.swift */; };
		79021EF12440D603000EB69E /* GFRepoItemVC.swift in Sources */ = {isa = PBXBuildFile; fileRef = 79021EF02440D603000EB69E /* GFRepoItemVC.swift */; };
		79021EF32440D775000EB69E /* GFFollowerItemVC.swift in Sources */ = {isa = PBXBuildFile; fileRef = 79021EF22440D775000EB69E /* GFFollowerItemVC.swift */; };
		79100C0F243B302500CE21F4 /* FollowerCell.swift in Sources */ = {isa = PBXBuildFile; fileRef = 79100C0E243B302500CE21F4 /* FollowerCell.swift */; };
		79100C11243B30E000CE21F4 /* GFAvatarImageView.swift in Sources */ = {isa = PBXBuildFile; fileRef = 79100C10243B30E000CE21F4 /* GFAvatarImageView.swift */; };
		79100C13243B467300CE21F4 /* UIHelper.swift in Sources */ = {isa = PBXBuildFile; fileRef = 79100C12243B467300CE21F4 /* UIHelper.swift */; };
		792433CF243D220E0023A35F /* GFEmptyStateView.swift in Sources */ = {isa = PBXBuildFile; fileRef = 792433CE243D220E0023A35F /* GFEmptyStateView.swift */; };
		7934495E243E71B40094AA27 /* GFUserInfoHeaderVC.swift in Sources */ = {isa = PBXBuildFile; fileRef = 7934495D243E71B40094AA27 /* GFUserInfoHeaderVC.swift */; };
		79344961243E728C0094AA27 /* GFSecondaryTitleLabel.swift in Sources */ = {isa = PBXBuildFile; fileRef = 79344960243E728C0094AA27 /* GFSecondaryTitleLabel.swift */; };
		79358C152440E70B003E9C51 /* Date+Ext.swift in Sources */ = {isa = PBXBuildFile; fileRef = 79358C142440E70B003E9C51 /* Date+Ext.swift */; };
		79358C172440E72A003E9C51 /* String+Ext.swift in Sources */ = {isa = PBXBuildFile; fileRef = 79358C162440E72A003E9C51 /* String+Ext.swift */; };
		7941317D2437ADE400FA4058 /* Follower.swift in Sources */ = {isa = PBXBuildFile; fileRef = 7941317C2437ADE400FA4058 /* Follower.swift */; };
		7941317F2437AEA900FA4058 /* User.swift in Sources */ = {isa = PBXBuildFile; fileRef = 7941317E2437AEA900FA4058 /* User.swift */; };
		794131822437B29100FA4058 /* NetworkManager.swift in Sources */ = {isa = PBXBuildFile; fileRef = 794131812437B29100FA4058 /* NetworkManager.swift */; };
		79626AA024427D79006447D9 /* PersistenceManager.swift in Sources */ = {isa = PBXBuildFile; fileRef = 79626A9F24427D79006447D9 /* PersistenceManager.swift */; };
		799E48E12433C00200486C9F /* AppDelegate.swift in Sources */ = {isa = PBXBuildFile; fileRef = 799E48E02433C00200486C9F /* AppDelegate.swift */; };
		799E48EA2433C00600486C9F /* Assets.xcassets in Resources */ = {isa = PBXBuildFile; fileRef = 799E48E92433C00600486C9F /* Assets.xcassets */; };
		799E48ED2433C00600486C9F /* LaunchScreen.storyboard in Resources */ = {isa = PBXBuildFile; fileRef = 799E48EB2433C00600486C9F /* LaunchScreen.storyboard */; };
		799E48F52433D68A00486C9F /* SearchVC.swift in Sources */ = {isa = PBXBuildFile; fileRef = 799E48F42433D68A00486C9F /* SearchVC.swift */; };
		799E48F72433D6BF00486C9F /* FavoritesListVC.swift in Sources */ = {isa = PBXBuildFile; fileRef = 799E48F62433D6BF00486C9F /* FavoritesListVC.swift */; };
		799E48F92433D80F00486C9F /* SceneDelegate.swift in Sources */ = {isa = PBXBuildFile; fileRef = 799E48F82433D80F00486C9F /* SceneDelegate.swift */; };
		79AFFC1B244016EB00963F52 /* Constants.swift in Sources */ = {isa = PBXBuildFile; fileRef = 79AFFC1A244016EB00963F52 /* Constants.swift */; };
		79C008CC243550D900EFE9AA /* GFButton.swift in Sources */ = {isa = PBXBuildFile; fileRef = 79C008CB243550D900EFE9AA /* GFButton.swift */; };
		79C008CE2435547E00EFE9AA /* GFTextField.swift in Sources */ = {isa = PBXBuildFile; fileRef = 79C008CD2435547E00EFE9AA /* GFTextField.swift */; };
		79C008D024363E8000EFE9AA /* FollowerListVC.swift in Sources */ = {isa = PBXBuildFile; fileRef = 79C008CF24363E8000EFE9AA /* FollowerListVC.swift */; };
		79C008D2243648FF00EFE9AA /* GFTitleLabel.swift in Sources */ = {isa = PBXBuildFile; fileRef = 79C008D1243648FF00EFE9AA /* GFTitleLabel.swift */; };
		79C008D424364AA500EFE9AA /* GFBodyLabel.swift in Sources */ = {isa = PBXBuildFile; fileRef = 79C008D324364AA500EFE9AA /* GFBodyLabel.swift */; };
		79C008D624364BCB00EFE9AA /* GFAlertVC.swift in Sources */ = {isa = PBXBuildFile; fileRef = 79C008D524364BCB00EFE9AA /* GFAlertVC.swift */; };
		79C008D824364DEE00EFE9AA /* GFAlertContainerView.swift in Sources */ = {isa = PBXBuildFile; fileRef = 79C008D724364DEE00EFE9AA /* GFAlertContainerView.swift */; };
		79C008DA2436527500EFE9AA /* UIViewController+Ext.swift in Sources */ = {isa = PBXBuildFile; fileRef = 79C008D92436527500EFE9AA /* UIViewController+Ext.swift */; };
		79CCAEFD243E4561004FA972 /* UserInfoVC.swift in Sources */ = {isa = PBXBuildFile; fileRef = 79CCAEFC243E4561004FA972 /* UserInfoVC.swift */; };
		79CCAEFF243E53C1004FA972 /* GFError.swift in Sources */ = {isa = PBXBuildFile; fileRef = 79CCAEFE243E53C1004FA972 /* GFError.swift */; };
/* End PBXBuildFile section */

/* Begin PBXFileReference section */
		79021EEC2440CBF6000EB69E /* GFItemInfoView.swift */ = {isa = PBXFileReference; lastKnownFileType = sourcecode.swift; path = GFItemInfoView.swift; sourceTree = "<group>"; };
		79021EEE2440D273000EB69E /* GFItemInfoVC.swift */ = {isa = PBXFileReference; lastKnownFileType = sourcecode.swift; path = GFItemInfoVC.swift; sourceTree = "<group>"; };
		79021EF02440D603000EB69E /* GFRepoItemVC.swift */ = {isa = PBXFileReference; lastKnownFileType = sourcecode.swift; path = GFRepoItemVC.swift; sourceTree = "<group>"; };
		79021EF22440D775000EB69E /* GFFollowerItemVC.swift */ = {isa = PBXFileReference; lastKnownFileType = sourcecode.swift; path = GFFollowerItemVC.swift; sourceTree = "<group>"; };
		79100C0E243B302500CE21F4 /* FollowerCell.swift */ = {isa = PBXFileReference; lastKnownFileType = sourcecode.swift; path = FollowerCell.swift; sourceTree = "<group>"; };
		79100C10243B30E000CE21F4 /* GFAvatarImageView.swift */ = {isa = PBXFileReference; lastKnownFileType = sourcecode.swift; path = GFAvatarImageView.swift; sourceTree = "<group>"; };
		79100C12243B467300CE21F4 /* UIHelper.swift */ = {isa = PBXFileReference; lastKnownFileType = sourcecode.swift; path = UIHelper.swift; sourceTree = "<group>"; };
		792433CE243D220E0023A35F /* GFEmptyStateView.swift */ = {isa = PBXFileReference; lastKnownFileType = sourcecode.swift; path = GFEmptyStateView.swift; sourceTree = "<group>"; };
		7934495D243E71B40094AA27 /* GFUserInfoHeaderVC.swift */ = {isa = PBXFileReference; lastKnownFileType = sourcecode.swift; path = GFUserInfoHeaderVC.swift; sourceTree = "<group>"; };
		79344960243E728C0094AA27 /* GFSecondaryTitleLabel.swift */ = {isa = PBXFileReference; lastKnownFileType = sourcecode.swift; path = GFSecondaryTitleLabel.swift; sourceTree = "<group>"; };
		79358C142440E70B003E9C51 /* Date+Ext.swift */ = {isa = PBXFileReference; lastKnownFileType = sourcecode.swift; path = "Date+Ext.swift"; sourceTree = "<group>"; };
		79358C162440E72A003E9C51 /* String+Ext.swift */ = {isa = PBXFileReference; lastKnownFileType = sourcecode.swift; path = "String+Ext.swift"; sourceTree = "<group>"; };
		7941317C2437ADE400FA4058 /* Follower.swift */ = {isa = PBXFileReference; lastKnownFileType = sourcecode.swift; path = Follower.swift; sourceTree = "<group>"; };
		7941317E2437AEA900FA4058 /* User.swift */ = {isa = PBXFileReference; lastKnownFileType = sourcecode.swift; path = User.swift; sourceTree = "<group>"; };
		794131812437B29100FA4058 /* NetworkManager.swift */ = {isa = PBXFileReference; lastKnownFileType = sourcecode.swift; path = NetworkManager.swift; sourceTree = "<group>"; };
		79626A9F24427D79006447D9 /* PersistenceManager.swift */ = {isa = PBXFileReference; lastKnownFileType = sourcecode.swift; path = PersistenceManager.swift; sourceTree = "<group>"; };
		799E48DD2433C00200486C9F /* GHFollowers.app */ = {isa = PBXFileReference; explicitFileType = wrapper.application; includeInIndex = 0; path = GHFollowers.app; sourceTree = BUILT_PRODUCTS_DIR; };
		799E48E02433C00200486C9F /* AppDelegate.swift */ = {isa = PBXFileReference; lastKnownFileType = sourcecode.swift; path = AppDelegate.swift; sourceTree = "<group>"; };
		799E48E92433C00600486C9F /* Assets.xcassets */ = {isa = PBXFileReference; lastKnownFileType = folder.assetcatalog; path = Assets.xcassets; sourceTree = "<group>"; };
		799E48EC2433C00600486C9F /* Base */ = {isa = PBXFileReference; lastKnownFileType = file.storyboard; name = Base; path = Base.lproj/LaunchScreen.storyboard; sourceTree = "<group>"; };
		799E48EE2433C00600486C9F /* Info.plist */ = {isa = PBXFileReference; lastKnownFileType = text.plist.xml; path = Info.plist; sourceTree = "<group>"; };
		799E48F42433D68A00486C9F /* SearchVC.swift */ = {isa = PBXFileReference; lastKnownFileType = sourcecode.swift; path = SearchVC.swift; sourceTree = "<group>"; };
		799E48F62433D6BF00486C9F /* FavoritesListVC.swift */ = {isa = PBXFileReference; lastKnownFileType = sourcecode.swift; path = FavoritesListVC.swift; sourceTree = "<group>"; };
		799E48F82433D80F00486C9F /* SceneDelegate.swift */ = {isa = PBXFileReference; fileEncoding = 4; lastKnownFileType = sourcecode.swift; path = SceneDelegate.swift; sourceTree = "<group>"; };
		79ADB7D12444FB7800072A46 /* README.md */ = {isa = PBXFileReference; lastKnownFileType = net.daringfireball.markdown; path = README.md; sourceTree = "<group>"; };
		79AFFC1A244016EB00963F52 /* Constants.swift */ = {isa = PBXFileReference; lastKnownFileType = sourcecode.swift; path = Constants.swift; sourceTree = "<group>"; };
		79C008CB243550D900EFE9AA /* GFButton.swift */ = {isa = PBXFileReference; lastKnownFileType = sourcecode.swift; path = GFButton.swift; sourceTree = "<group>"; };
		79C008CD2435547E00EFE9AA /* GFTextField.swift */ = {isa = PBXFileReference; lastKnownFileType = sourcecode.swift; path = GFTextField.swift; sourceTree = "<group>"; };
		79C008CF24363E8000EFE9AA /* FollowerListVC.swift */ = {isa = PBXFileReference; lastKnownFileType = sourcecode.swift; path = FollowerListVC.swift; sourceTree = "<group>"; };
		79C008D1243648FF00EFE9AA /* GFTitleLabel.swift */ = {isa = PBXFileReference; lastKnownFileType = sourcecode.swift; path = GFTitleLabel.swift; sourceTree = "<group>"; };
		79C008D324364AA500EFE9AA /* GFBodyLabel.swift */ = {isa = PBXFileReference; lastKnownFileType = sourcecode.swift; path = GFBodyLabel.swift; sourceTree = "<group>"; };
		79C008D524364BCB00EFE9AA /* GFAlertVC.swift */ = {isa = PBXFileReference; lastKnownFileType = sourcecode.swift; path = GFAlertVC.swift; sourceTree = "<group>"; };
		79C008D724364DEE00EFE9AA /* GFAlertContainerView.swift */ = {isa = PBXFileReference; lastKnownFileType = sourcecode.swift; path = GFAlertContainerView.swift; sourceTree = "<group>"; };
		79C008D92436527500EFE9AA /* UIViewController+Ext.swift */ = {isa = PBXFileReference; lastKnownFileType = sourcecode.swift; path = "UIViewController+Ext.swift"; sourceTree = "<group>"; };
		79CCAEFC243E4561004FA972 /* UserInfoVC.swift */ = {isa = PBXFileReference; lastKnownFileType = sourcecode.swift; path = UserInfoVC.swift; sourceTree = "<group>"; };
		79CCAEFE243E53C1004FA972 /* GFError.swift */ = {isa = PBXFileReference; lastKnownFileType = sourcecode.swift; path = GFError.swift; sourceTree = "<group>"; };
/* End PBXFileReference section */

/* Begin PBXFrameworksBuildPhase section */
		799E48DA2433C00200486C9F /* Frameworks */ = {
			isa = PBXFrameworksBuildPhase;
			buildActionMask = 2147483647;
			files = (
			);
			runOnlyForDeploymentPostprocessing = 0;
		};
/* End PBXFrameworksBuildPhase section */

/* Begin PBXGroup section */
		79021EF42440D7CB000EB69E /* ItemInfoVCs */ = {
			isa = PBXGroup;
			children = (
				79021EEE2440D273000EB69E /* GFItemInfoVC.swift */,
				79021EF02440D603000EB69E /* GFRepoItemVC.swift */,
				79021EF22440D775000EB69E /* GFFollowerItemVC.swift */,
			);
			path = ItemInfoVCs;
			sourceTree = "<group>";
		};
		79100C0D243B2FEC00CE21F4 /* Cells */ = {
			isa = PBXGroup;
			children = (
				79100C0E243B302500CE21F4 /* FollowerCell.swift */,
			);
			path = Cells;
			sourceTree = "<group>";
		};
		792433C9243D21320023A35F /* Views */ = {
			isa = PBXGroup;
			children = (
				79C008D724364DEE00EFE9AA /* GFAlertContainerView.swift */,
				792433CE243D220E0023A35F /* GFEmptyStateView.swift */,
				79021EEC2440CBF6000EB69E /* GFItemInfoView.swift */,
			);
			path = Views;
			sourceTree = "<group>";
		};
		792433CA243D21380023A35F /* Buttons */ = {
			isa = PBXGroup;
			children = (
				79C008CB243550D900EFE9AA /* GFButton.swift */,
			);
			path = Buttons;
			sourceTree = "<group>";
		};
		792433CB243D213D0023A35F /* TextFields */ = {
			isa = PBXGroup;
			children = (
				79C008CD2435547E00EFE9AA /* GFTextField.swift */,
			);
			path = TextFields;
			sourceTree = "<group>";
		};
		792433CC243D214E0023A35F /* ImageViews */ = {
			isa = PBXGroup;
			children = (
				79100C10243B30E000CE21F4 /* GFAvatarImageView.swift */,
			);
			path = ImageViews;
			sourceTree = "<group>";
		};
		792433CD243D215F0023A35F /* ViewControllers */ = {
			isa = PBXGroup;
			children = (
				79021EF42440D7CB000EB69E /* ItemInfoVCs */,
				79C008D524364BCB00EFE9AA /* GFAlertVC.swift */,
				7934495D243E71B40094AA27 /* GFUserInfoHeaderVC.swift */,
			);
			path = ViewControllers;
			sourceTree = "<group>";
		};
		7934495F243E72670094AA27 /* Labels */ = {
			isa = PBXGroup;
			children = (
				79C008D1243648FF00EFE9AA /* GFTitleLabel.swift */,
				79C008D324364AA500EFE9AA /* GFBodyLabel.swift */,
				79344960243E728C0094AA27 /* GFSecondaryTitleLabel.swift */,
			);
			path = Labels;
			sourceTree = "<group>";
		};
		7941317B2437ADD200FA4058 /* Models */ = {
			isa = PBXGroup;
			children = (
				7941317C2437ADE400FA4058 /* Follower.swift */,
				7941317E2437AEA900FA4058 /* User.swift */,
			);
			path = Models;
			sourceTree = "<group>";
		};
		794131802437B27C00FA4058 /* Managers */ = {
			isa = PBXGroup;
			children = (
				794131812437B29100FA4058 /* NetworkManager.swift */,
				79626A9F24427D79006447D9 /* PersistenceManager.swift */,
			);
			path = Managers;
			sourceTree = "<group>";
		};
		794131832437C2C200FA4058 /* Utilities */ = {
			isa = PBXGroup;
			children = (
				79100C12243B467300CE21F4 /* UIHelper.swift */,
				79CCAEFE243E53C1004FA972 /* GFError.swift */,
				79AFFC1A244016EB00963F52 /* Constants.swift */,
			);
			path = Utilities;
			sourceTree = "<group>";
		};
		79524B94243658A500C61F14 /* Screens */ = {
			isa = PBXGroup;
			children = (
				799E48F42433D68A00486C9F /* SearchVC.swift */,
				79C008CF24363E8000EFE9AA /* FollowerListVC.swift */,
				799E48F62433D6BF00486C9F /* FavoritesListVC.swift */,
				79CCAEFC243E4561004FA972 /* UserInfoVC.swift */,
			);
			path = Screens;
			sourceTree = "<group>";
		};
		79524B95243658DE00C61F14 /* Custom Views */ = {
			isa = PBXGroup;
			children = (
				7934495F243E72670094AA27 /* Labels */,
				792433CD243D215F0023A35F /* ViewControllers */,
				792433CC243D214E0023A35F /* ImageViews */,
				792433CB243D213D0023A35F /* TextFields */,
				792433CA243D21380023A35F /* Buttons */,
				792433C9243D21320023A35F /* Views */,
				79100C0D243B2FEC00CE21F4 /* Cells */,
			);
			path = "Custom Views";
			sourceTree = "<group>";
		};
		79524B962436590C00C61F14 /* Extensions */ = {
			isa = PBXGroup;
			children = (
				79C008D92436527500EFE9AA /* UIViewController+Ext.swift */,
				79358C142440E70B003E9C51 /* Date+Ext.swift */,
				79358C162440E72A003E9C51 /* String+Ext.swift */,
			);
			path = Extensions;
			sourceTree = "<group>";
		};
		79524B972436596D00C61F14 /* Support */ = {
			isa = PBXGroup;
			children = (
				799E48E02433C00200486C9F /* AppDelegate.swift */,
				799E48F82433D80F00486C9F /* SceneDelegate.swift */,
				799E48E92433C00600486C9F /* Assets.xcassets */,
				799E48EB2433C00600486C9F /* LaunchScreen.storyboard */,
			);
			path = Support;
			sourceTree = "<group>";
		};
		799E48D42433C00200486C9F = {
			isa = PBXGroup;
			children = (
				79ADB7D12444FB7800072A46 /* README.md */,
				799E48DF2433C00200486C9F /* GHFollowers */,
				799E48DE2433C00200486C9F /* Products */,
			);
			sourceTree = "<group>";
		};
		799E48DE2433C00200486C9F /* Products */ = {
			isa = PBXGroup;
			children = (
				799E48DD2433C00200486C9F /* GHFollowers.app */,
			);
			name = Products;
			sourceTree = "<group>";
		};
		799E48DF2433C00200486C9F /* GHFollowers */ = {
			isa = PBXGroup;
			children = (
				794131832437C2C200FA4058 /* Utilities */,
				794131802437B27C00FA4058 /* Managers */,
				7941317B2437ADD200FA4058 /* Models */,
				79524B972436596D00C61F14 /* Support */,
				79524B962436590C00C61F14 /* Extensions */,
				79524B95243658DE00C61F14 /* Custom Views */,
				79524B94243658A500C61F14 /* Screens */,
				799E48EE2433C00600486C9F /* Info.plist */,
			);
			path = GHFollowers;
			sourceTree = "<group>";
		};
/* End PBXGroup section */

/* Begin PBXNativeTarget section */
		799E48DC2433C00200486C9F /* GHFollowers */ = {
			isa = PBXNativeTarget;
			buildConfigurationList = 799E48F12433C00600486C9F /* Build configuration list for PBXNativeTarget "GHFollowers" */;
			buildPhases = (
				799E48D92433C00200486C9F /* Sources */,
				799E48DA2433C00200486C9F /* Frameworks */,
				799E48DB2433C00200486C9F /* Resources */,
			);
			buildRules = (
			);
			dependencies = (
			);
			name = GHFollowers;
			productName = GHFollowers;
			productReference = 799E48DD2433C00200486C9F /* GHFollowers.app */;
			productType = "com.apple.product-type.application";
		};
/* End PBXNativeTarget section */

/* Begin PBXProject section */
		799E48D52433C00200486C9F /* Project object */ = {
			isa = PBXProject;
			attributes = {
				LastSwiftUpdateCheck = 1140;
				LastUpgradeCheck = 1140;
				ORGANIZATIONNAME = "Peyton Shetler";
				TargetAttributes = {
					799E48DC2433C00200486C9F = {
						CreatedOnToolsVersion = 11.4;
					};
				};
			};
			buildConfigurationList = 799E48D82433C00200486C9F /* Build configuration list for PBXProject "GHFollowers" */;
			compatibilityVersion = "Xcode 9.3";
			developmentRegion = en;
			hasScannedForEncodings = 0;
			knownRegions = (
				en,
				Base,
			);
			mainGroup = 799E48D42433C00200486C9F;
			productRefGroup = 799E48DE2433C00200486C9F /* Products */;
			projectDirPath = "";
			projectRoot = "";
			targets = (
				799E48DC2433C00200486C9F /* GHFollowers */,
			);
		};
/* End PBXProject section */

/* Begin PBXResourcesBuildPhase section */
		799E48DB2433C00200486C9F /* Resources */ = {
			isa = PBXResourcesBuildPhase;
			buildActionMask = 2147483647;
			files = (
				799E48ED2433C00600486C9F /* LaunchScreen.storyboard in Resources */,
				799E48EA2433C00600486C9F /* Assets.xcassets in Resources */,
			);
			runOnlyForDeploymentPostprocessing = 0;
		};
/* End PBXResourcesBuildPhase section */

/* Begin PBXSourcesBuildPhase section */
		799E48D92433C00200486C9F /* Sources */ = {
			isa = PBXSourcesBuildPhase;
			buildActionMask = 2147483647;
			files = (
				79C008CE2435547E00EFE9AA /* GFTextField.swift in Sources */,
				799E48F92433D80F00486C9F /* SceneDelegate.swift in Sources */,
				79C008DA2436527500EFE9AA /* UIViewController+Ext.swift in Sources */,
				7934495E243E71B40094AA27 /* GFUserInfoHeaderVC.swift in Sources */,
				79C008CC243550D900EFE9AA /* GFButton.swift in Sources */,
				799E48F72433D6BF00486C9F /* FavoritesListVC.swift in Sources */,
				792433CF243D220E0023A35F /* GFEmptyStateView.swift in Sources */,
				79344961243E728C0094AA27 /* GFSecondaryTitleLabel.swift in Sources */,
				79C008D424364AA500EFE9AA /* GFBodyLabel.swift in Sources */,
				7941317F2437AEA900FA4058 /* User.swift in Sources */,
				79CCAEFF243E53C1004FA972 /* GFError.swift in Sources */,
				79100C0F243B302500CE21F4 /* FollowerCell.swift in Sources */,
				79626AA024427D79006447D9 /* PersistenceManager.swift in Sources */,
				79021EF12440D603000EB69E /* GFRepoItemVC.swift in Sources */,
				79100C11243B30E000CE21F4 /* GFAvatarImageView.swift in Sources */,
				79C008D2243648FF00EFE9AA /* GFTitleLabel.swift in Sources */,
				79CCAEFD243E4561004FA972 /* UserInfoVC.swift in Sources */,
				7941317D2437ADE400FA4058 /* Follower.swift in Sources */,
				79C008D024363E8000EFE9AA /* FollowerListVC.swift in Sources */,
				79358C172440E72A003E9C51 /* String+Ext.swift in Sources */,
				799E48F52433D68A00486C9F /* SearchVC.swift in Sources */,
				79021EEF2440D273000EB69E /* GFItemInfoVC.swift in Sources */,
				79021EF32440D775000EB69E /* GFFollowerItemVC.swift in Sources */,
				799E48E12433C00200486C9F /* AppDelegate.swift in Sources */,
				79100C13243B467300CE21F4 /* UIHelper.swift in Sources */,
				79358C152440E70B003E9C51 /* Date+Ext.swift in Sources */,
				794131822437B29100FA4058 /* NetworkManager.swift in Sources */,
				79C008D624364BCB00EFE9AA /* GFAlertVC.swift in Sources */,
				79021EED2440CBF6000EB69E /* GFItemInfoView.swift in Sources */,
				79C008D824364DEE00EFE9AA /* GFAlertContainerView.swift in Sources */,
				79AFFC1B244016EB00963F52 /* Constants.swift in Sources */,
			);
			runOnlyForDeploymentPostprocessing = 0;
		};
/* End PBXSourcesBuildPhase section */

/* Begin PBXVariantGroup section */
		799E48EB2433C00600486C9F /* LaunchScreen.storyboard */ = {
			isa = PBXVariantGroup;
			children = (
				799E48EC2433C00600486C9F /* Base */,
			);
			name = LaunchScreen.storyboard;
			sourceTree = "<group>";
		};
/* End PBXVariantGroup section */

/* Begin XCBuildConfiguration section */
		799E48EF2433C00600486C9F /* Debug */ = {
			isa = XCBuildConfiguration;
			buildSettings = {
				ALWAYS_SEARCH_USER_PATHS = NO;
				CLANG_ANALYZER_NONNULL = YES;
				CLANG_ANALYZER_NUMBER_OBJECT_CONVERSION = YES_AGGRESSIVE;
				CLANG_CXX_LANGUAGE_STANDARD = "gnu++14";
				CLANG_CXX_LIBRARY = "libc++";
				CLANG_ENABLE_MODULES = YES;
				CLANG_ENABLE_OBJC_ARC = YES;
				CLANG_ENABLE_OBJC_WEAK = YES;
				CLANG_WARN_BLOCK_CAPTURE_AUTORELEASING = YES;
				CLANG_WARN_BOOL_CONVERSION = YES;
				CLANG_WARN_COMMA = YES;
				CLANG_WARN_CONSTANT_CONVERSION = YES;
				CLANG_WARN_DEPRECATED_OBJC_IMPLEMENTATIONS = YES;
				CLANG_WARN_DIRECT_OBJC_ISA_USAGE = YES_ERROR;
				CLANG_WARN_DOCUMENTATION_COMMENTS = YES;
				CLANG_WARN_EMPTY_BODY = YES;
				CLANG_WARN_ENUM_CONVERSION = YES;
				CLANG_WARN_INFINITE_RECURSION = YES;
				CLANG_WARN_INT_CONVERSION = YES;
				CLANG_WARN_NON_LITERAL_NULL_CONVERSION = YES;
				CLANG_WARN_OBJC_IMPLICIT_RETAIN_SELF = YES;
				CLANG_WARN_OBJC_LITERAL_CONVERSION = YES;
				CLANG_WARN_OBJC_ROOT_CLASS = YES_ERROR;
				CLANG_WARN_RANGE_LOOP_ANALYSIS = YES;
				CLANG_WARN_STRICT_PROTOTYPES = YES;
				CLANG_WARN_SUSPICIOUS_MOVE = YES;
				CLANG_WARN_UNGUARDED_AVAILABILITY = YES_AGGRESSIVE;
				CLANG_WARN_UNREACHABLE_CODE = YES;
				CLANG_WARN__DUPLICATE_METHOD_MATCH = YES;
				COPY_PHASE_STRIP = NO;
				DEBUG_INFORMATION_FORMAT = dwarf;
				ENABLE_STRICT_OBJC_MSGSEND = YES;
				ENABLE_TESTABILITY = YES;
				GCC_C_LANGUAGE_STANDARD = gnu11;
				GCC_DYNAMIC_NO_PIC = NO;
				GCC_NO_COMMON_BLOCKS = YES;
				GCC_OPTIMIZATION_LEVEL = 0;
				GCC_PREPROCESSOR_DEFINITIONS = (
					"DEBUG=1",
					"$(inherited)",
				);
				GCC_WARN_64_TO_32_BIT_CONVERSION = YES;
				GCC_WARN_ABOUT_RETURN_TYPE = YES_ERROR;
				GCC_WARN_UNDECLARED_SELECTOR = YES;
				GCC_WARN_UNINITIALIZED_AUTOS = YES_AGGRESSIVE;
				GCC_WARN_UNUSED_FUNCTION = YES;
				GCC_WARN_UNUSED_VARIABLE = YES;
				IPHONEOS_DEPLOYMENT_TARGET = 13.4;
				MTL_ENABLE_DEBUG_INFO = INCLUDE_SOURCE;
				MTL_FAST_MATH = YES;
				ONLY_ACTIVE_ARCH = YES;
				SDKROOT = iphoneos;
				SWIFT_ACTIVE_COMPILATION_CONDITIONS = DEBUG;
				SWIFT_OPTIMIZATION_LEVEL = "-Onone";
			};
			name = Debug;
		};
		799E48F02433C00600486C9F /* Release */ = {
			isa = XCBuildConfiguration;
			buildSettings = {
				ALWAYS_SEARCH_USER_PATHS = NO;
				CLANG_ANALYZER_NONNULL = YES;
				CLANG_ANALYZER_NUMBER_OBJECT_CONVERSION = YES_AGGRESSIVE;
				CLANG_CXX_LANGUAGE_STANDARD = "gnu++14";
				CLANG_CXX_LIBRARY = "libc++";
				CLANG_ENABLE_MODULES = YES;
				CLANG_ENABLE_OBJC_ARC = YES;
				CLANG_ENABLE_OBJC_WEAK = YES;
				CLANG_WARN_BLOCK_CAPTURE_AUTORELEASING = YES;
				CLANG_WARN_BOOL_CONVERSION = YES;
				CLANG_WARN_COMMA = YES;
				CLANG_WARN_CONSTANT_CONVERSION = YES;
				CLANG_WARN_DEPRECATED_OBJC_IMPLEMENTATIONS = YES;
				CLANG_WARN_DIRECT_OBJC_ISA_USAGE = YES_ERROR;
				CLANG_WARN_DOCUMENTATION_COMMENTS = YES;
				CLANG_WARN_EMPTY_BODY = YES;
				CLANG_WARN_ENUM_CONVERSION = YES;
				CLANG_WARN_INFINITE_RECURSION = YES;
				CLANG_WARN_INT_CONVERSION = YES;
				CLANG_WARN_NON_LITERAL_NULL_CONVERSION = YES;
				CLANG_WARN_OBJC_IMPLICIT_RETAIN_SELF = YES;
				CLANG_WARN_OBJC_LITERAL_CONVERSION = YES;
				CLANG_WARN_OBJC_ROOT_CLASS = YES_ERROR;
				CLANG_WARN_RANGE_LOOP_ANALYSIS = YES;
				CLANG_WARN_STRICT_PROTOTYPES = YES;
				CLANG_WARN_SUSPICIOUS_MOVE = YES;
				CLANG_WARN_UNGUARDED_AVAILABILITY = YES_AGGRESSIVE;
				CLANG_WARN_UNREACHABLE_CODE = YES;
				CLANG_WARN__DUPLICATE_METHOD_MATCH = YES;
				COPY_PHASE_STRIP = NO;
				DEBUG_INFORMATION_FORMAT = "dwarf-with-dsym";
				ENABLE_NS_ASSERTIONS = NO;
				ENABLE_STRICT_OBJC_MSGSEND = YES;
				GCC_C_LANGUAGE_STANDARD = gnu11;
				GCC_NO_COMMON_BLOCKS = YES;
				GCC_WARN_64_TO_32_BIT_CONVERSION = YES;
				GCC_WARN_ABOUT_RETURN_TYPE = YES_ERROR;
				GCC_WARN_UNDECLARED_SELECTOR = YES;
				GCC_WARN_UNINITIALIZED_AUTOS = YES_AGGRESSIVE;
				GCC_WARN_UNUSED_FUNCTION = YES;
				GCC_WARN_UNUSED_VARIABLE = YES;
				IPHONEOS_DEPLOYMENT_TARGET = 13.4;
				MTL_ENABLE_DEBUG_INFO = NO;
				MTL_FAST_MATH = YES;
				SDKROOT = iphoneos;
				SWIFT_COMPILATION_MODE = wholemodule;
				SWIFT_OPTIMIZATION_LEVEL = "-O";
				VALIDATE_PRODUCT = YES;
			};
			name = Release;
		};
		799E48F22433C00600486C9F /* Debug */ = {
			isa = XCBuildConfiguration;
			buildSettings = {
				ASSETCATALOG_COMPILER_APPICON_NAME = AppIcon;
				CODE_SIGN_STYLE = Automatic;
				DEVELOPMENT_TEAM = 4BNX73M8J6;
				INFOPLIST_FILE = GHFollowers/Info.plist;
				LD_RUNPATH_SEARCH_PATHS = (
					"$(inherited)",
					"@executable_path/Frameworks",
				);
				PRODUCT_BUNDLE_IDENTIFIER = com.PeytonShetler.GHFollowers;
				PRODUCT_NAME = "$(TARGET_NAME)";
				SWIFT_VERSION = 5.0;
				TARGETED_DEVICE_FAMILY = 1;
			};
			name = Debug;
		};
		799E48F32433C00600486C9F /* Release */ = {
			isa = XCBuildConfiguration;
			buildSettings = {
				ASSETCATALOG_COMPILER_APPICON_NAME = AppIcon;
				CODE_SIGN_STYLE = Automatic;
				DEVELOPMENT_TEAM = 4BNX73M8J6;
				INFOPLIST_FILE = GHFollowers/Info.plist;
				LD_RUNPATH_SEARCH_PATHS = (
					"$(inherited)",
					"@executable_path/Frameworks",
				);
				PRODUCT_BUNDLE_IDENTIFIER = com.PeytonShetler.GHFollowers;
				PRODUCT_NAME = "$(TARGET_NAME)";
				SWIFT_VERSION = 5.0;
				TARGETED_DEVICE_FAMILY = 1;
			};
			name = Release;
		};
/* End XCBuildConfiguration section */

/* Begin XCConfigurationList section */
		799E48D82433C00200486C9F /* Build configuration list for PBXProject "GHFollowers" */ = {
			isa = XCConfigurationList;
			buildConfigurations = (
				799E48EF2433C00600486C9F /* Debug */,
				799E48F02433C00600486C9F /* Release */,
			);
			defaultConfigurationIsVisible = 0;
			defaultConfigurationName = Release;
		};
		799E48F12433C00600486C9F /* Build configuration list for PBXNativeTarget "GHFollowers" */ = {
			isa = XCConfigurationList;
			buildConfigurations = (
				799E48F22433C00600486C9F /* Debug */,
				799E48F32433C00600486C9F /* Release */,
			);
			defaultConfigurationIsVisible = 0;
			defaultConfigurationName = Release;
		};
/* End XCConfigurationList section */
	};
	rootObject = 799E48D52433C00200486C9F /* Project object */;
}
